
Microsoft Visual Studio Solution File, Format Version 12.00
# Visual Studio Version 16
VisualStudioVersion = 16.0.30717.126
MinimumVisualStudioVersion = 10.0.40219.1
Project("{FAE04EC0-301F-11D3-BF4B-00C04F79EFBC}") = "Basic", "Basic\Basic.csproj", "{B4CAAE18-98C2-41AC-9BF5-2FE286904AEC}"
EndProject
Project("{FAE04EC0-301F-11D3-BF4B-00C04F79EFBC}") = "Basic 2", "Basic 2\Basic 2.csproj", "{AD3285E9-5474-4EB2-BCA4-88F2E6B642B3}"
EndProject
Project("{FAE04EC0-301F-11D3-BF4B-00C04F79EFBC}") = "Grootste methode", "Grootste methode\Grootste methode.csproj", "{43EFDFC9-6F8E-40D1-AB1E-186E38B55170}"
EndProject
Project("{FAE04EC0-301F-11D3-BF4B-00C04F79EFBC}") = "Rekenmachine", "Rekenmachine\Rekenmachine.csproj", "{53874632-0B26-42BD-B2A9-7800F1000A8E}"
EndProject
Global
	GlobalSection(SolutionConfigurationPlatforms) = preSolution
		Debug|Any CPU = Debug|Any CPU
		Release|Any CPU = Release|Any CPU
	EndGlobalSection
	GlobalSection(ProjectConfigurationPlatforms) = postSolution
		{B4CAAE18-98C2-41AC-9BF5-2FE286904AEC}.Debug|Any CPU.ActiveCfg = Debug|Any CPU
		{B4CAAE18-98C2-41AC-9BF5-2FE286904AEC}.Debug|Any CPU.Build.0 = Debug|Any CPU
		{B4CAAE18-98C2-41AC-9BF5-2FE286904AEC}.Release|Any CPU.ActiveCfg = Release|Any CPU
		{B4CAAE18-98C2-41AC-9BF5-2FE286904AEC}.Release|Any CPU.Build.0 = Release|Any CPU
		{AD3285E9-5474-4EB2-BCA4-88F2E6B642B3}.Debug|Any CPU.ActiveCfg = Debug|Any CPU
		{AD3285E9-5474-4EB2-BCA4-88F2E6B642B3}.Debug|Any CPU.Build.0 = Debug|Any CPU
		{AD3285E9-5474-4EB2-BCA4-88F2E6B642B3}.Release|Any CPU.ActiveCfg = Release|Any CPU
		{AD3285E9-5474-4EB2-BCA4-88F2E6B642B3}.Release|Any CPU.Build.0 = Release|Any CPU
		{43EFDFC9-6F8E-40D1-AB1E-186E38B55170}.Debug|Any CPU.ActiveCfg = Debug|Any CPU
		{43EFDFC9-6F8E-40D1-AB1E-186E38B55170}.Debug|Any CPU.Build.0 = Debug|Any CPU
		{43EFDFC9-6F8E-40D1-AB1E-186E38B55170}.Release|Any CPU.ActiveCfg = Release|Any CPU
		{43EFDFC9-6F8E-40D1-AB1E-186E38B55170}.Release|Any CPU.Build.0 = Release|Any CPU
		{53874632-0B26-42BD-B2A9-7800F1000A8E}.Debug|Any CPU.ActiveCfg = Debug|Any CPU
		{53874632-0B26-42BD-B2A9-7800F1000A8E}.Debug|Any CPU.Build.0 = Debug|Any CPU
		{53874632-0B26-42BD-B2A9-7800F1000A8E}.Release|Any CPU.ActiveCfg = Release|Any CPU
		{53874632-0B26-42BD-B2A9-7800F1000A8E}.Release|Any CPU.Build.0 = Release|Any CPU
	EndGlobalSection
	GlobalSection(SolutionProperties) = preSolution
		HideSolutionNode = FALSE
	EndGlobalSection
	GlobalSection(ExtensibilityGlobals) = postSolution
		SolutionGuid = {1C1B28C9-6150-489A-9F33-BAD35A16500A}
	EndGlobalSection
EndGlobal
